Microsoft Visual Studio Solution File, Format Version 12.00
# Visual Studio Version 17
VisualStudioVersion = 17.0.31919.166
MinimumVisualStudioVersion = 10.0.40219.1
Project("{8BC9CEB8-8B4A-11D0-8D11-00A0C91BC942}") = "IL2CppDLL", "IL2CppDLL.vcxproj", "{0516AC57-0F50-480A-8103-7E121E11E43A}"
EndProject
Global
	GlobalSection(SolutionConfigurationPlatforms) = preSolution
		Debug|x64 = Debug|x64
		Debug|x86 = Debug|x86
		Release|x64 = Release|x64
		Release|x86 = Release|x86
	EndGlobalSection
	GlobalSection(ProjectConfigurationPlatforms) = postSolution
		{0516AC57-0F50-480A-8103-7E121E11E43A}.Debug|x64.ActiveCfg = Debug|x64
		{0516AC57-0F50-480A-8103-7E121E11E43A}.Debug|x64.Build.0 = Debug|x64
		{0516AC57-0F50-480A-8103-7E121E11E43A}.Debug|x86.ActiveCfg = Debug|Win32
		{0516AC57-0F50-480A-8103-7E121E11E43A}.Debug|x86.Build.0 = Debug|Win32
		{0516AC57-0F50-480A-8103-7E121E11E43A}.Release|x64.ActiveCfg = Release|x64
		{0516AC57-0F50-480A-8103-7E121E11E43A}.Release|x64.Build.0 = Release|x64
		{0516AC57-0F50-480A-8103-7E121E11E43A}.Release|x86.ActiveCfg = Release|Win32
		{0516AC57-0F50-480A-8103-7E121E11E43A}.Release|x86.Build.0 = Release|Win32
	EndGlobalSection
	GlobalSection(SolutionProperties) = preSolution
		HideSolutionNode = FALSE
	EndGlobalSection
	GlobalSection(ExtensibilityGlobals) = postSolution
		SolutionGuid = {64841d07-6f42-4945-9b19-4c9fe4075d61}
	EndGlobalSection
EndGlobal
